{
  "name": "advent-of-code",
  "version": "1.0.0",
  "lockfileVersion": 3,
  "requires": true,
  "packages": {
    "": {
      "name": "advent-of-code",
      "version": "1.0.0",
      "license": "ISC",
      "devDependencies": {
        "crayon.js": "^3.3.3"
      }
    },
    "node_modules/crayon.js": {
      "version": "3.3.3",
      "resolved": "https://registry.npmjs.org/crayon.js/-/crayon.js-3.3.3.tgz",
      "integrity": "sha512-axjHlkk5HRB4XYA1HKT11AzB0oL0bzD7UBKJT/2BeO/JrhHsmk2SiYYysQnKUwExEdKxJhhRL1yeyGNNZDj1mQ==",
      "dev": true
    }
  }
}
